// !$*UTF8*$!
{
	archiveVersion = 1;
	classes = {
	};
	objectVersion = 55;
	objects = {

/* Begin PBXBuildFile section */
		422A557D27A2E8B000B24B80 /* AppDelegate.swift in Sources */ = {isa = PBXBuildFile; fileRef = 422A557C27A2E8B000B24B80 /* AppDelegate.swift */; };
		422A557F27A2E8B000B24B80 /* SceneDelegate.swift in Sources */ = {isa = PBXBuildFile; fileRef = 422A557E27A2E8B000B24B80 /* SceneDelegate.swift */; };
		422A558127A2E8B000B24B80 /* TranslationViewController.swift in Sources */ = {isa = PBXBuildFile; fileRef = 422A558027A2E8B000B24B80 /* TranslationViewController.swift */; };
		422A558427A2E8B000B24B80 /* Main.storyboard in Resources */ = {isa = PBXBuildFile; fileRef = 422A558227A2E8B000B24B80 /* Main.storyboard */; };
		422A558927A2E8B100B24B80 /* LaunchScreen.storyboard in Resources */ = {isa = PBXBuildFile; fileRef = 422A558727A2E8B100B24B80 /* LaunchScreen.storyboard */; };
		42309A3227B555A2002967F9 /* SearchTableViewController.swift in Sources */ = {isa = PBXBuildFile; fileRef = 42309A3127B555A2002967F9 /* SearchTableViewController.swift */; };
		42309A3427B56B00002967F9 /* WordTableViewCell.swift in Sources */ = {isa = PBXBuildFile; fileRef = 42309A3327B56B00002967F9 /* WordTableViewCell.swift */; };
		42309A3627B59F67002967F9 /* OptionsManager.swift in Sources */ = {isa = PBXBuildFile; fileRef = 42309A3527B59F67002967F9 /* OptionsManager.swift */; };
		42309A3827B5A2FD002967F9 /* OptionsViewController.swift in Sources */ = {isa = PBXBuildFile; fileRef = 42309A3727B5A2FD002967F9 /* OptionsViewController.swift */; };
		4250E55627B2B75F009E74AD /* SearchEngine.swift in Sources */ = {isa = PBXBuildFile; fileRef = 4250E55527B2B75F009E74AD /* SearchEngine.swift */; };
		42539D0527AAC22600E74B53 /* en_bg.dic in Resources */ = {isa = PBXBuildFile; fileRef = 42539D0327AAC22600E74B53 /* en_bg.dic */; };
		42539D0627AAC22600E74B53 /* bg_en.kyp in Resources */ = {isa = PBXBuildFile; fileRef = 42539D0427AAC22600E74B53 /* bg_en.kyp */; };
		42539D0A27AACD9900E74B53 /* smallerEnBg.dic in Resources */ = {isa = PBXBuildFile; fileRef = 42539D0927AACD9900E74B53 /* smallerEnBg.dic */; };
		425D572B27B3FE84008EC553 /* Assets.xcassets in Resources */ = {isa = PBXBuildFile; fileRef = 425D572A27B3FE84008EC553 /* Assets.xcassets */; };
		42BAC0D027B6931200387E9D /* SplashScreenViewController.swift in Sources */ = {isa = PBXBuildFile; fileRef = 42BAC0CF27B6931200387E9D /* SplashScreenViewController.swift */; };
		42BAC0D227B6995500387E9D /* TabBarViewController.swift in Sources */ = {isa = PBXBuildFile; fileRef = 42BAC0D127B6995500387E9D /* TabBarViewController.swift */; };
		42CCDB7E27B1522100BB4647 /* FileReader.swift in Sources */ = {isa = PBXBuildFile; fileRef = 42CCDB7D27B1522100BB4647 /* FileReader.swift */; };
		42CCDB8027B1525A00BB4647 /* DictionaryEntry.swift in Sources */ = {isa = PBXBuildFile; fileRef = 42CCDB7F27B1525A00BB4647 /* DictionaryEntry.swift */; };
		42E852C727BA683400290807 /* ExpandableTableViewCell.swift in Sources */ = {isa = PBXBuildFile; fileRef = 42E852C527BA683400290807 /* ExpandableTableViewCell.swift */; };
		42E852C827BA683400290807 /* ExpandableTableViewCell.xib in Resources */ = {isa = PBXBuildFile; fileRef = 42E852C627BA683400290807 /* ExpandableTableViewCell.xib */; };
/* End PBXBuildFile section */

/* Begin PBXFileReference section */
		422A557927A2E8B000B24B80 /* DictionaryApp.app */ = {isa = PBXFileReference; explicitFileType = wrapper.application; includeInIndex = 0; path = DictionaryApp.app; sourceTree = BUILT_PRODUCTS_DIR; };
		422A557C27A2E8B000B24B80 /* AppDelegate.swift */ = {isa = PBXFileReference; lastKnownFileType = sourcecode.swift; path = AppDelegate.swift; sourceTree = "<group>"; };
		422A557E27A2E8B000B24B80 /* SceneDelegate.swift */ = {isa = PBXFileReference; lastKnownFileType = sourcecode.swift; path = SceneDelegate.swift; sourceTree = "<group>"; };
		422A558027A2E8B000B24B80 /* TranslationViewController.swift */ = {isa = PBXFileReference; lastKnownFileType = sourcecode.swift; path = TranslationViewController.swift; sourceTree = "<group>"; };
		422A558327A2E8B000B24B80 /* Base */ = {isa = PBXFileReference; lastKnownFileType = file.storyboard; name = Base; path = Base.lproj/Main.storyboard; sourceTree = "<group>"; };
		422A558827A2E8B100B24B80 /* Base */ = {isa = PBXFileReference; lastKnownFileType = file.storyboard; name = Base; path = Base.lproj/LaunchScreen.storyboard; sourceTree = "<group>"; };
		422A558A27A2E8B100B24B80 /* Info.plist */ = {isa = PBXFileReference; lastKnownFileType = text.plist.xml; path = Info.plist; sourceTree = "<group>"; };
		42309A3127B555A2002967F9 /* SearchTableViewController.swift */ = {isa = PBXFileReference; lastKnownFileType = sourcecode.swift; path = SearchTableViewController.swift; sourceTree = "<group>"; };
		42309A3327B56B00002967F9 /* WordTableViewCell.swift */ = {isa = PBXFileReference; lastKnownFileType = sourcecode.swift; path = WordTableViewCell.swift; sourceTree = "<group>"; };
		42309A3527B59F67002967F9 /* OptionsManager.swift */ = {isa = PBXFileReference; lastKnownFileType = sourcecode.swift; path = OptionsManager.swift; sourceTree = "<group>"; };
		42309A3727B5A2FD002967F9 /* OptionsViewController.swift */ = {isa = PBXFileReference; lastKnownFileType = sourcecode.swift; path = OptionsViewController.swift; sourceTree = "<group>"; };
		4250E55527B2B75F009E74AD /* SearchEngine.swift */ = {isa = PBXFileReference; lastKnownFileType = sourcecode.swift; path = SearchEngine.swift; sourceTree = "<group>"; };
		42539D0327AAC22600E74B53 /* en_bg.dic */ = {isa = PBXFileReference; fileEncoding = 4; lastKnownFileType = text; path = en_bg.dic; sourceTree = "<group>"; };
		42539D0427AAC22600E74B53 /* bg_en.kyp */ = {isa = PBXFileReference; fileEncoding = 4; lastKnownFileType = text; path = bg_en.kyp; sourceTree = "<group>"; };
		42539D0927AACD9900E74B53 /* smallerEnBg.dic */ = {isa = PBXFileReference; fileEncoding = 4; lastKnownFileType = text; name = smallerEnBg.dic; path = ../../../../../../Documents/smallerEnBg.dic; sourceTree = "<group>"; };
		425D572A27B3FE84008EC553 /* Assets.xcassets */ = {isa = PBXFileReference; lastKnownFileType = folder.assetcatalog; name = Assets.xcassets; path = ../../../../../.Trash/Assets.xcassets; sourceTree = "<group>"; };
		42BAC0CF27B6931200387E9D /* SplashScreenViewController.swift */ = {isa = PBXFileReference; lastKnownFileType = sourcecode.swift; path = SplashScreenViewController.swift; sourceTree = "<group>"; };
		42BAC0D127B6995500387E9D /* TabBarViewController.swift */ = {isa = PBXFileReference; lastKnownFileType = sourcecode.swift; path = TabBarViewController.swift; sourceTree = "<group>"; };
		42CCDB7D27B1522100BB4647 /* FileReader.swift */ = {isa = PBXFileReference; lastKnownFileType = sourcecode.swift; path = FileReader.swift; sourceTree = "<group>"; };
		42CCDB7F27B1525A00BB4647 /* DictionaryEntry.swift */ = {isa = PBXFileReference; lastKnownFileType = sourcecode.swift; path = DictionaryEntry.swift; sourceTree = "<group>"; };
		42E852C527BA683400290807 /* ExpandableTableViewCell.swift */ = {isa = PBXFileReference; lastKnownFileType = sourcecode.swift; path = ExpandableTableViewCell.swift; sourceTree = "<group>"; };
		42E852C627BA683400290807 /* ExpandableTableViewCell.xib */ = {isa = PBXFileReference; lastKnownFileType = file.xib; path = ExpandableTableViewCell.xib; sourceTree = "<group>"; };
/* End PBXFileReference section */

/* Begin PBXFrameworksBuildPhase section */
		422A557627A2E8B000B24B80 /* Frameworks */ = {
			isa = PBXFrameworksBuildPhase;
			buildActionMask = 2147483647;
			files = (
			);
			runOnlyForDeploymentPostprocessing = 0;
		};
/* End PBXFrameworksBuildPhase section */

/* Begin PBXGroup section */
		422A557027A2E8B000B24B80 = {
			isa = PBXGroup;
			children = (
				422A557B27A2E8B000B24B80 /* DictionaryApp */,
				422A557A27A2E8B000B24B80 /* Products */,
			);
			sourceTree = "<group>";
		};
		422A557A27A2E8B000B24B80 /* Products */ = {
			isa = PBXGroup;
			children = (
				422A557927A2E8B000B24B80 /* DictionaryApp.app */,
			);
			name = Products;
			sourceTree = "<group>";
		};
		422A557B27A2E8B000B24B80 /* DictionaryApp */ = {
			isa = PBXGroup;
			children = (
				422A557C27A2E8B000B24B80 /* AppDelegate.swift */,
				422A557E27A2E8B000B24B80 /* SceneDelegate.swift */,
				422A558227A2E8B000B24B80 /* Main.storyboard */,
				42E852C527BA683400290807 /* ExpandableTableViewCell.swift */,
				42E852C627BA683400290807 /* ExpandableTableViewCell.xib */,
				42BAC0D127B6995500387E9D /* TabBarViewController.swift */,
				42BAC0CF27B6931200387E9D /* SplashScreenViewController.swift */,
				42309A3127B555A2002967F9 /* SearchTableViewController.swift */,
				422A558027A2E8B000B24B80 /* TranslationViewController.swift */,
				42309A3727B5A2FD002967F9 /* OptionsViewController.swift */,
				42309A3327B56B00002967F9 /* WordTableViewCell.swift */,
				422A558727A2E8B100B24B80 /* LaunchScreen.storyboard */,
				422A558A27A2E8B100B24B80 /* Info.plist */,
				425D572A27B3FE84008EC553 /* Assets.xcassets */,
				42539D0227AAC1FD00E74B53 /* Resources */,
				42CCDB7F27B1525A00BB4647 /* DictionaryEntry.swift */,
				42CCDB7D27B1522100BB4647 /* FileReader.swift */,
				4250E55527B2B75F009E74AD /* SearchEngine.swift */,
				42309A3527B59F67002967F9 /* OptionsManager.swift */,
			);
			path = DictionaryApp;
			sourceTree = "<group>";
		};
		42539D0227AAC1FD00E74B53 /* Resources */ = {
			isa = PBXGroup;
			children = (
				42539D0427AAC22600E74B53 /* bg_en.kyp */,
				42539D0327AAC22600E74B53 /* en_bg.dic */,
				42539D0927AACD9900E74B53 /* smallerEnBg.dic */,
			);
			path = Resources;
			sourceTree = "<group>";
		};
/* End PBXGroup section */

/* Begin PBXNativeTarget section */
		422A557827A2E8B000B24B80 /* DictionaryApp */ = {
			isa = PBXNativeTarget;
			buildConfigurationList = 422A558D27A2E8B100B24B80 /* Build configuration list for PBXNativeTarget "DictionaryApp" */;
			buildPhases = (
				422A557527A2E8B000B24B80 /* Sources */,
				422A557627A2E8B000B24B80 /* Frameworks */,
				422A557727A2E8B000B24B80 /* Resources */,
			);
			buildRules = (
			);
			dependencies = (
			);
			name = DictionaryApp;
			productName = DictionaryApp;
			productReference = 422A557927A2E8B000B24B80 /* DictionaryApp.app */;
			productType = "com.apple.product-type.application";
		};
/* End PBXNativeTarget section */

/* Begin PBXProject section */
		422A557127A2E8B000B24B80 /* Project object */ = {
			isa = PBXProject;
			attributes = {
				BuildIndependentTargetsInParallel = 1;
				LastSwiftUpdateCheck = 1310;
				LastUpgradeCheck = 1310;
				TargetAttributes = {
					422A557827A2E8B000B24B80 = {
						CreatedOnToolsVersion = 13.1;
					};
				};
			};
			buildConfigurationList = 422A557427A2E8B000B24B80 /* Build configuration list for PBXProject "DictionaryApp" */;
			compatibilityVersion = "Xcode 13.0";
			developmentRegion = en;
			hasScannedForEncodings = 0;
			knownRegions = (
				en,
				Base,
			);
			mainGroup = 422A557027A2E8B000B24B80;
			productRefGroup = 422A557A27A2E8B000B24B80 /* Products */;
			projectDirPath = "";
			projectRoot = "";
			targets = (
				422A557827A2E8B000B24B80 /* DictionaryApp */,
			);
		};
/* End PBXProject section */

/* Begin PBXResourcesBuildPhase section */
		422A557727A2E8B000B24B80 /* Resources */ = {
			isa = PBXResourcesBuildPhase;
			buildActionMask = 2147483647;
			files = (
				42539D0527AAC22600E74B53 /* en_bg.dic in Resources */,
				42539D0A27AACD9900E74B53 /* smallerEnBg.dic in Resources */,
				42E852C827BA683400290807 /* ExpandableTableViewCell.xib in Resources */,
				42539D0627AAC22600E74B53 /* bg_en.kyp in Resources */,
				422A558927A2E8B100B24B80 /* LaunchScreen.storyboard in Resources */,
				425D572B27B3FE84008EC553 /* Assets.xcassets in Resources */,
				422A558427A2E8B000B24B80 /* Main.storyboard in Resources */,
			);
			runOnlyForDeploymentPostprocessing = 0;
		};
/* End PBXResourcesBuildPhase section */

/* Begin PBXSourcesBuildPhase section */
		422A557527A2E8B000B24B80 /* Sources */ = {
			isa = PBXSourcesBuildPhase;
			buildActionMask = 2147483647;
			files = (
				42309A3627B59F67002967F9 /* OptionsManager.swift in Sources */,
				42CCDB8027B1525A00BB4647 /* DictionaryEntry.swift in Sources */,
				42309A3427B56B00002967F9 /* WordTableViewCell.swift in Sources */,
				422A558127A2E8B000B24B80 /* TranslationViewController.swift in Sources */,
				42E852C727BA683400290807 /* ExpandableTableViewCell.swift in Sources */,
				42BAC0D227B6995500387E9D /* TabBarViewController.swift in Sources */,
				422A557D27A2E8B000B24B80 /* AppDelegate.swift in Sources */,
				42BAC0D027B6931200387E9D /* SplashScreenViewController.swift in Sources */,
				4250E55627B2B75F009E74AD /* SearchEngine.swift in Sources */,
				42CCDB7E27B1522100BB4647 /* FileReader.swift in Sources */,
				422A557F27A2E8B000B24B80 /* SceneDelegate.swift in Sources */,
				42309A3227B555A2002967F9 /* SearchTableViewController.swift in Sources */,
				42309A3827B5A2FD002967F9 /* OptionsViewController.swift in Sources */,
			);
			runOnlyForDeploymentPostprocessing = 0;
		};
/* End PBXSourcesBuildPhase section */

/* Begin PBXVariantGroup section */
		422A558227A2E8B000B24B80 /* Main.storyboard */ = {
			isa = PBXVariantGroup;
			children = (
				422A558327A2E8B000B24B80 /* Base */,
			);
			name = Main.storyboard;
			sourceTree = "<group>";
		};
		422A558727A2E8B100B24B80 /* LaunchScreen.storyboard */ = {
			isa = PBXVariantGroup;
			children = (
				422A558827A2E8B100B24B80 /* Base */,
			);
			name = LaunchScreen.storyboard;
			sourceTree = "<group>";
		};
/* End PBXVariantGroup section */

/* Begin XCBuildConfiguration section */
		422A558B27A2E8B100B24B80 /* Debug */ = {
			isa = XCBuildConfiguration;
			buildSettings = {
				ALWAYS_SEARCH_USER_PATHS = NO;
				CLANG_ANALYZER_NONNULL = YES;
				CLANG_ANALYZER_NUMBER_OBJECT_CONVERSION = YES_AGGRESSIVE;
				CLANG_CXX_LANGUAGE_STANDARD = "gnu++17";
				CLANG_CXX_LIBRARY = "libc++";
				CLANG_ENABLE_MODULES = YES;
				CLANG_ENABLE_OBJC_ARC = YES;
				CLANG_ENABLE_OBJC_WEAK = YES;
				CLANG_WARN_BLOCK_CAPTURE_AUTORELEASING = YES;
				CLANG_WARN_BOOL_CONVERSION = YES;
				CLANG_WARN_COMMA = YES;
				CLANG_WARN_CONSTANT_CONVERSION = YES;
				CLANG_WARN_DEPRECATED_OBJC_IMPLEMENTATIONS = YES;
				CLANG_WARN_DIRECT_OBJC_ISA_USAGE = YES_ERROR;
				CLANG_WARN_DOCUMENTATION_COMMENTS = YES;
				CLANG_WARN_EMPTY_BODY = YES;
				CLANG_WARN_ENUM_CONVERSION = YES;
				CLANG_WARN_INFINITE_RECURSION = YES;
				CLANG_WARN_INT_CONVERSION = YES;
				CLANG_WARN_NON_LITERAL_NULL_CONVERSION = YES;
				CLANG_WARN_OBJC_IMPLICIT_RETAIN_SELF = YES;
				CLANG_WARN_OBJC_LITERAL_CONVERSION = YES;
				CLANG_WARN_OBJC_ROOT_CLASS = YES_ERROR;
				CLANG_WARN_QUOTED_INCLUDE_IN_FRAMEWORK_HEADER = YES;
				CLANG_WARN_RANGE_LOOP_ANALYSIS = YES;
				CLANG_WARN_STRICT_PROTOTYPES = YES;
				CLANG_WARN_SUSPICIOUS_MOVE = YES;
				CLANG_WARN_UNGUARDED_AVAILABILITY = YES_AGGRESSIVE;
				CLANG_WARN_UNREACHABLE_CODE = YES;
				CLANG_WARN__DUPLICATE_METHOD_MATCH = YES;
				COPY_PHASE_STRIP = NO;
				DEBUG_INFORMATION_FORMAT = dwarf;
				ENABLE_STRICT_OBJC_MSGSEND = YES;
				ENABLE_TESTABILITY = YES;
				GCC_C_LANGUAGE_STANDARD = gnu11;
				GCC_DYNAMIC_NO_PIC = NO;
				GCC_NO_COMMON_BLOCKS = YES;
				GCC_OPTIMIZATION_LEVEL = 0;
				GCC_PREPROCESSOR_DEFINITIONS = (
					"DEBUG=1",
					"$(inherited)",
				);
				GCC_WARN_64_TO_32_BIT_CONVERSION = YES;
				GCC_WARN_ABOUT_RETURN_TYPE = YES_ERROR;
				GCC_WARN_UNDECLARED_SELECTOR = YES;
				GCC_WARN_UNINITIALIZED_AUTOS = YES_AGGRESSIVE;
				GCC_WARN_UNUSED_FUNCTION = YES;
				GCC_WARN_UNUSED_VARIABLE = YES;
				IPHONEOS_DEPLOYMENT_TARGET = 15.0;
				MTL_ENABLE_DEBUG_INFO = INCLUDE_SOURCE;
				MTL_FAST_MATH = YES;
				ONLY_ACTIVE_ARCH = YES;
				SDKROOT = iphoneos;
				SWIFT_ACTIVE_COMPILATION_CONDITIONS = DEBUG;
				SWIFT_OPTIMIZATION_LEVEL = "-Onone";
			};
			name = Debug;
		};
		422A558C27A2E8B100B24B80 /* Release */ = {
			isa = XCBuildConfiguration;
			buildSettings = {
				ALWAYS_SEARCH_USER_PATHS = NO;
				CLANG_ANALYZER_NONNULL = YES;
				CLANG_ANALYZER_NUMBER_OBJECT_CONVERSION = YES_AGGRESSIVE;
				CLANG_CXX_LANGUAGE_STANDARD = "gnu++17";
				CLANG_CXX_LIBRARY = "libc++";
				CLANG_ENABLE_MODULES = YES;
				CLANG_ENABLE_OBJC_ARC = YES;
				CLANG_ENABLE_OBJC_WEAK = YES;
				CLANG_WARN_BLOCK_CAPTURE_AUTORELEASING = YES;
				CLANG_WARN_BOOL_CONVERSION = YES;
				CLANG_WARN_COMMA = YES;
				CLANG_WARN_CONSTANT_CONVERSION = YES;
				CLANG_WARN_DEPRECATED_OBJC_IMPLEMENTATIONS = YES;
				CLANG_WARN_DIRECT_OBJC_ISA_USAGE = YES_ERROR;
				CLANG_WARN_DOCUMENTATION_COMMENTS = YES;
				CLANG_WARN_EMPTY_BODY = YES;
				CLANG_WARN_ENUM_CONVERSION = YES;
				CLANG_WARN_INFINITE_RECURSION = YES;
				CLANG_WARN_INT_CONVERSION = YES;
				CLANG_WARN_NON_LITERAL_NULL_CONVERSION = YES;
				CLANG_WARN_OBJC_IMPLICIT_RETAIN_SELF = YES;
				CLANG_WARN_OBJC_LITERAL_CONVERSION = YES;
				CLANG_WARN_OBJC_ROOT_CLASS = YES_ERROR;
				CLANG_WARN_QUOTED_INCLUDE_IN_FRAMEWORK_HEADER = YES;
				CLANG_WARN_RANGE_LOOP_ANALYSIS = YES;
				CLANG_WARN_STRICT_PROTOTYPES = YES;
				CLANG_WARN_SUSPICIOUS_MOVE = YES;
				CLANG_WARN_UNGUARDED_AVAILABILITY = YES_AGGRESSIVE;
				CLANG_WARN_UNREACHABLE_CODE = YES;
				CLANG_WARN__DUPLICATE_METHOD_MATCH = YES;
				COPY_PHASE_STRIP = NO;
				DEBUG_INFORMATION_FORMAT = "dwarf-with-dsym";
				ENABLE_NS_ASSERTIONS = NO;
				ENABLE_STRICT_OBJC_MSGSEND = YES;
				GCC_C_LANGUAGE_STANDARD = gnu11;
				GCC_NO_COMMON_BLOCKS = YES;
				GCC_WARN_64_TO_32_BIT_CONVERSION = YES;
				GCC_WARN_ABOUT_RETURN_TYPE = YES_ERROR;
				GCC_WARN_UNDECLARED_SELECTOR = YES;
				GCC_WARN_UNINITIALIZED_AUTOS = YES_AGGRESSIVE;
				GCC_WARN_UNUSED_FUNCTION = YES;
				GCC_WARN_UNUSED_VARIABLE = YES;
				IPHONEOS_DEPLOYMENT_TARGET = 15.0;
				MTL_ENABLE_DEBUG_INFO = NO;
				MTL_FAST_MATH = YES;
				SDKROOT = iphoneos;
				SWIFT_COMPILATION_MODE = wholemodule;
				SWIFT_OPTIMIZATION_LEVEL = "-O";
				VALIDATE_PRODUCT = YES;
			};
			name = Release;
		};
		422A558E27A2E8B100B24B80 /* Debug */ = {
			isa = XCBuildConfiguration;
			buildSettings = {
				ASSETCATALOG_COMPILER_APPICON_NAME = AppIcon;
				ASSETCATALOG_COMPILER_GLOBAL_ACCENT_COLOR_NAME = AccentColor;
				CODE_SIGN_STYLE = Automatic;
				CURRENT_PROJECT_VERSION = 1;
				GENERATE_INFOPLIST_FILE = YES;
				INFOPLIST_FILE = DictionaryApp/Info.plist;
				INFOPLIST_KEY_UIApplicationSupportsIndirectInputEvents = YES;
				INFOPLIST_KEY_UILaunchStoryboardName = LaunchScreen;
				INFOPLIST_KEY_UIMainStoryboardFile = Main;
				INFOPLIST_KEY_UISupportedInterfaceOrientations_iPad = "UIInterfaceOrientationPortrait UIInterfaceOrientationPortraitUpsideDown UIInterfaceOrientationLandscapeLeft UIInterfaceOrientationLandscapeRight";
				INFOPLIST_KEY_UISupportedInterfaceOrientations_iPhone = "UIInterfaceOrientationPortrait UIInterfaceOrientationLandscapeLeft UIInterfaceOrientationLandscapeRight";
				LD_RUNPATH_SEARCH_PATHS = (
					"$(inherited)",
					"@executable_path/Frameworks",
				);
				MARKETING_VERSION = 1.0;
				PRODUCT_BUNDLE_IDENTIFIER = net.nemetschek.DictionaryApp;
				PRODUCT_NAME = "$(TARGET_NAME)";
				SWIFT_EMIT_LOC_STRINGS = YES;
				SWIFT_VERSION = 5.0;
				TARGETED_DEVICE_FAMILY = "1,2";
			};
			name = Debug;
		};
		422A558F27A2E8B100B24B80 /* Release */ = {
			isa = XCBuildConfiguration;
			buildSettings = {
				ASSETCATALOG_COMPILER_APPICON_NAME = AppIcon;
				ASSETCATALOG_COMPILER_GLOBAL_ACCENT_COLOR_NAME = AccentColor;
				CODE_SIGN_STYLE = Automatic;
				CURRENT_PROJECT_VERSION = 1;
				GENERATE_INFOPLIST_FILE = YES;
				INFOPLIST_FILE = DictionaryApp/Info.plist;
				INFOPLIST_KEY_UIApplicationSupportsIndirectInputEvents = YES;
				INFOPLIST_KEY_UILaunchStoryboardName = LaunchScreen;
				INFOPLIST_KEY_UIMainStoryboardFile = Main;
				INFOPLIST_KEY_UISupportedInterfaceOrientations_iPad = "UIInterfaceOrientationPortrait UIInterfaceOrientationPortraitUpsideDown UIInterfaceOrientationLandscapeLeft UIInterfaceOrientationLandscapeRight";
				INFOPLIST_KEY_UISupportedInterfaceOrientations_iPhone = "UIInterfaceOrientationPortrait UIInterfaceOrientationLandscapeLeft UIInterfaceOrientationLandscapeRight";
				LD_RUNPATH_SEARCH_PATHS = (
					"$(inherited)",
					"@executable_path/Frameworks",
				);
				MARKETING_VERSION = 1.0;
				PRODUCT_BUNDLE_IDENTIFIER = net.nemetschek.DictionaryApp;
				PRODUCT_NAME = "$(TARGET_NAME)";
				SWIFT_EMIT_LOC_STRINGS = YES;
				SWIFT_VERSION = 5.0;
				TARGETED_DEVICE_FAMILY = "1,2";
			};
			name = Release;
		};
/* End XCBuildConfiguration section */

/* Begin XCConfigurationList section */
		422A557427A2E8B000B24B80 /* Build configuration list for PBXProject "DictionaryApp" */ = {
			isa = XCConfigurationList;
			buildConfigurations = (
				422A558B27A2E8B100B24B80 /* Debug */,
				422A558C27A2E8B100B24B80 /* Release */,
			);
			defaultConfigurationIsVisible = 0;
			defaultConfigurationName = Release;
		};
		422A558D27A2E8B100B24B80 /* Build configuration list for PBXNativeTarget "DictionaryApp" */ = {
			isa = XCConfigurationList;
			buildConfigurations = (
				422A558E27A2E8B100B24B80 /* Debug */,
				422A558F27A2E8B100B24B80 /* Release */,
			);
			defaultConfigurationIsVisible = 0;
			defaultConfigurationName = Release;
		};
/* End XCConfigurationList section */
	};
	rootObject = 422A557127A2E8B000B24B80 /* Project object */;
}
